// !$*UTF8*$!
{
	archiveVersion = 1;
	classes = {
	};
	objectVersion = 46;
	objects = {

/* Begin PBXBuildFile section */
		14198D4B2001E5780098614C /* AppDelegate.swift in Sources */ = {isa = PBXBuildFile; fileRef = 14198D4A2001E5780098614C /* AppDelegate.swift */; };
		14198D4D2001E5780098614C /* ViewController.swift in Sources */ = {isa = PBXBuildFile; fileRef = 14198D4C2001E5780098614C /* ViewController.swift */; };
		14198D502001E5780098614C /* Main.storyboard in Resources */ = {isa = PBXBuildFile; fileRef = 14198D4E2001E5780098614C /* Main.storyboard */; };
		14198D522001E5780098614C /* Assets.xcassets in Resources */ = {isa = PBXBuildFile; fileRef = 14198D512001E5780098614C /* Assets.xcassets */; };
		14198D552001E5780098614C /* LaunchScreen.storyboard in Resources */ = {isa = PBXBuildFile; fileRef = 14198D532001E5780098614C /* LaunchScreen.storyboard */; };
		14198D602001E5780098614C /* QuizTests.swift in Sources */ = {isa = PBXBuildFile; fileRef = 14198D5F2001E5780098614C /* QuizTests.swift */; };
		14198D6B2001E5780098614C /* QuizUITests.swift in Sources */ = {isa = PBXBuildFile; fileRef = 14198D6A2001E5780098614C /* QuizUITests.swift */; };
		141BE573200214EB0037E34D /* emoji.gif in Resources */ = {isa = PBXBuildFile; fileRef = 141BE570200214EB0037E34D /* emoji.gif */; };
		141BE574200214EB0037E34D /* HonyaJi-Re.ttf in Resources */ = {isa = PBXBuildFile; fileRef = 141BE571200214EB0037E34D /* HonyaJi-Re.ttf */; };
		141BE575200214EB0037E34D /* 取扱説明書.txt in Resources */ = {isa = PBXBuildFile; fileRef = 141BE572200214EB0037E34D /* 取扱説明書.txt */; };
		141BE57F200216B40037E34D /* illustrain01-valentine09-150x150.png in Resources */ = {isa = PBXBuildFile; fileRef = 141BE577200216B40037E34D /* illustrain01-valentine09-150x150.png */; };
		141BE580200216B40037E34D /* illustrain05-okashi05-150x150.png in Resources */ = {isa = PBXBuildFile; fileRef = 141BE578200216B40037E34D /* illustrain05-okashi05-150x150.png */; };
		141BE581200216B40037E34D /* illustrain05-okashi09-150x150.png in Resources */ = {isa = PBXBuildFile; fileRef = 141BE579200216B40037E34D /* illustrain05-okashi09-150x150.png */; };
		141BE582200216B40037E34D /* icon.png in Resources */ = {isa = PBXBuildFile; fileRef = 141BE57A200216B40037E34D /* icon.png */; };
		141BE583200216B40037E34D /* illustrain09-okashi10-150x150.png in Resources */ = {isa = PBXBuildFile; fileRef = 141BE57B200216B40037E34D /* illustrain09-okashi10-150x150.png */; };
		141BE584200216B40037E34D /* illustrain10-okasi09-150x150.png in Resources */ = {isa = PBXBuildFile; fileRef = 141BE57C200216B40037E34D /* illustrain10-okasi09-150x150.png */; };
		141BE585200216B40037E34D /* sweets_gumi.png in Resources */ = {isa = PBXBuildFile; fileRef = 141BE57D200216B40037E34D /* sweets_gumi.png */; };
		141BE586200216B40037E34D /* sweets_itagum.png in Resources */ = {isa = PBXBuildFile; fileRef = 141BE57E200216B40037E34D /* sweets_itagum.png */; };
		141BE58820021BD70037E34D /* QuizViewController.swift in Sources */ = {isa = PBXBuildFile; fileRef = 141BE58720021BD70037E34D /* QuizViewController.swift */; };
		141BE58A20021BF50037E34D /* ResultViewController.swift in Sources */ = {isa = PBXBuildFile; fileRef = 141BE58920021BF50037E34D /* ResultViewController.swift */; };
/* End PBXBuildFile section */

/* Begin PBXContainerItemProxy section */
		14198D5C2001E5780098614C /* PBXContainerItemProxy */ = {
			isa = PBXContainerItemProxy;
			containerPortal = 14198D3F2001E5780098614C /* Project object */;
			proxyType = 1;
			remoteGlobalIDString = 14198D462001E5780098614C;
			remoteInfo = Quiz;
		};
		14198D672001E5780098614C /* PBXContainerItemProxy */ = {
			isa = PBXContainerItemProxy;
			containerPortal = 14198D3F2001E5780098614C /* Project object */;
			proxyType = 1;
			remoteGlobalIDString = 14198D462001E5780098614C;
			remoteInfo = Quiz;
		};
/* End PBXContainerItemProxy section */

/* Begin PBXFileReference section */
		14198D472001E5780098614C /* Quiz.app */ = {isa = PBXFileReference; explicitFileType = wrapper.application; includeInIndex = 0; path = Quiz.app; sourceTree = BUILT_PRODUCTS_DIR; };
		14198D4A2001E5780098614C /* AppDelegate.swift */ = {isa = PBXFileReference; lastKnownFileType = sourcecode.swift; path = AppDelegate.swift; sourceTree = "<group>"; };
		14198D4C2001E5780098614C /* ViewController.swift */ = {isa = PBXFileReference; lastKnownFileType = sourcecode.swift; path = ViewController.swift; sourceTree = "<group>"; };
		14198D4F2001E5780098614C /* Base */ = {isa = PBXFileReference; lastKnownFileType = file.storyboard; name = Base; path = Base.lproj/Main.storyboard; sourceTree = "<group>"; };
		14198D512001E5780098614C /* Assets.xcassets */ = {isa = PBXFileReference; lastKnownFileType = folder.assetcatalog; path = Assets.xcassets; sourceTree = "<group>"; };
		14198D542001E5780098614C /* Base */ = {isa = PBXFileReference; lastKnownFileType = file.storyboard; name = Base; path = Base.lproj/LaunchScreen.storyboard; sourceTree = "<group>"; };
		14198D562001E5780098614C /* Info.plist */ = {isa = PBXFileReference; lastKnownFileType = text.plist.xml; path = Info.plist; sourceTree = "<group>"; };
		14198D5B2001E5780098614C /* QuizTests.xctest */ = {isa = PBXFileReference; explicitFileType = wrapper.cfbundle; includeInIndex = 0; path = QuizTests.xctest; sourceTree = BUILT_PRODUCTS_DIR; };
		14198D5F2001E5780098614C /* QuizTests.swift */ = {isa = PBXFileReference; lastKnownFileType = sourcecode.swift; path = QuizTests.swift; sourceTree = "<group>"; };
		14198D612001E5780098614C /* Info.plist */ = {isa = PBXFileReference; lastKnownFileType = text.plist.xml; path = Info.plist; sourceTree = "<group>"; };
		14198D662001E5780098614C /* QuizUITests.xctest */ = {isa = PBXFileReference; explicitFileType = wrapper.cfbundle; includeInIndex = 0; path = QuizUITests.xctest; sourceTree = BUILT_PRODUCTS_DIR; };
		14198D6A2001E5780098614C /* QuizUITests.swift */ = {isa = PBXFileReference; lastKnownFileType = sourcecode.swift; path = QuizUITests.swift; sourceTree = "<group>"; };
		14198D6C2001E5780098614C /* Info.plist */ = {isa = PBXFileReference; lastKnownFileType = text.plist.xml; path = Info.plist; sourceTree = "<group>"; };
		141BE570200214EB0037E34D /* emoji.gif */ = {isa = PBXFileReference; lastKnownFileType = image.gif; path = emoji.gif; sourceTree = "<group>"; };
		141BE571200214EB0037E34D /* HonyaJi-Re.ttf */ = {isa = PBXFileReference; lastKnownFileType = file; path = "HonyaJi-Re.ttf"; sourceTree = "<group>"; };
		141BE572200214EB0037E34D /* 取扱説明書.txt */ = {isa = PBXFileReference; fileEncoding = 4; lastKnownFileType = text; path = "取扱説明書.txt"; sourceTree = "<group>"; };
		141BE577200216B40037E34D /* illustrain01-valentine09-150x150.png */ = {isa = PBXFileReference; lastKnownFileType = image.png; path = "illustrain01-valentine09-150x150.png"; sourceTree = "<group>"; };
		141BE578200216B40037E34D /* illustrain05-okashi05-150x150.png */ = {isa = PBXFileReference; lastKnownFileType = image.png; path = "illustrain05-okashi05-150x150.png"; sourceTree = "<group>"; };
		141BE579200216B40037E34D /* illustrain05-okashi09-150x150.png */ = {isa = PBXFileReference; lastKnownFileType = image.png; path = "illustrain05-okashi09-150x150.png"; sourceTree = "<group>"; };
		141BE57A200216B40037E34D /* icon.png */ = {isa = PBXFileReference; lastKnownFileType = image.png; path = icon.png; sourceTree = "<group>"; };
		141BE57B200216B40037E34D /* illustrain09-okashi10-150x150.png */ = {isa = PBXFileReference; lastKnownFileType = image.png; path = "illustrain09-okashi10-150x150.png"; sourceTree = "<group>"; };
		141BE57C200216B40037E34D /* illustrain10-okasi09-150x150.png */ = {isa = PBXFileReference; lastKnownFileType = image.png; path = "illustrain10-okasi09-150x150.png"; sourceTree = "<group>"; };
		141BE57D200216B40037E34D /* sweets_gumi.png */ = {isa = PBXFileReference; lastKnownFileType = image.png; path = sweets_gumi.png; sourceTree = "<group>"; };
		141BE57E200216B40037E34D /* sweets_itagum.png */ = {isa = PBXFileReference; lastKnownFileType = image.png; path = sweets_itagum.png; sourceTree = "<group>"; };
		141BE58720021BD70037E34D /* QuizViewController.swift */ = {isa = PBXFileReference; fileEncoding = 4; lastKnownFileType = sourcecode.swift; path = QuizViewController.swift; sourceTree = "<group>"; };
		141BE58920021BF50037E34D /* ResultViewController.swift */ = {isa = PBXFileReference; fileEncoding = 4; lastKnownFileType = sourcecode.swift; path = ResultViewController.swift; sourceTree = "<group>"; };
/* End PBXFileReference section */

/* Begin PBXFrameworksBuildPhase section */
		14198D442001E5780098614C /* Frameworks */ = {
			isa = PBXFrameworksBuildPhase;
			buildActionMask = 2147483647;
			files = (
			);
			runOnlyForDeploymentPostprocessing = 0;
		};
		14198D582001E5780098614C /* Frameworks */ = {
			isa = PBXFrameworksBuildPhase;
			buildActionMask = 2147483647;
			files = (
			);
			runOnlyForDeploymentPostprocessing = 0;
		};
		14198D632001E5780098614C /* Frameworks */ = {
			isa = PBXFrameworksBuildPhase;
			buildActionMask = 2147483647;
			files = (
			);
			runOnlyForDeploymentPostprocessing = 0;
		};
/* End PBXFrameworksBuildPhase section */

/* Begin PBXGroup section */
		14198D3E2001E5780098614C = {
			isa = PBXGroup;
			children = (
				14198D492001E5780098614C /* Quiz */,
				14198D5E2001E5780098614C /* QuizTests */,
				14198D692001E5780098614C /* QuizUITests */,
				14198D482001E5780098614C /* Products */,
			);
			sourceTree = "<group>";
		};
		14198D482001E5780098614C /* Products */ = {
			isa = PBXGroup;
			children = (
				14198D472001E5780098614C /* Quiz.app */,
				14198D5B2001E5780098614C /* QuizTests.xctest */,
				14198D662001E5780098614C /* QuizUITests.xctest */,
			);
			name = Products;
			sourceTree = "<group>";
		};
		14198D492001E5780098614C /* Quiz */ = {
			isa = PBXGroup;
			children = (
				141BE58720021BD70037E34D /* QuizViewController.swift */,
				141BE58920021BF50037E34D /* ResultViewController.swift */,
				14198D4A2001E5780098614C /* AppDelegate.swift */,
				14198D4C2001E5780098614C /* ViewController.swift */,
				14198D4E2001E5780098614C /* Main.storyboard */,
				14198D512001E5780098614C /* Assets.xcassets */,
				14198D532001E5780098614C /* LaunchScreen.storyboard */,
				141BE576200216B40037E34D /* Quiz Snack */,
				141BE56F200214EB0037E34D /* font_honyajire */,
				14198D562001E5780098614C /* Info.plist */,
			);
			path = Quiz;
			sourceTree = "<group>";
		};
		14198D5E2001E5780098614C /* QuizTests */ = {
			isa = PBXGroup;
			children = (
				14198D5F2001E5780098614C /* QuizTests.swift */,
				14198D612001E5780098614C /* Info.plist */,
			);
			path = QuizTests;
			sourceTree = "<group>";
		};
		14198D692001E5780098614C /* QuizUITests */ = {
			isa = PBXGroup;
			children = (
				14198D6A2001E5780098614C /* QuizUITests.swift */,
				14198D6C2001E5780098614C /* Info.plist */,
			);
			path = QuizUITests;
			sourceTree = "<group>";
		};
		141BE56F200214EB0037E34D /* font_honyajire */ = {
			isa = PBXGroup;
			children = (
				141BE570200214EB0037E34D /* emoji.gif */,
				141BE571200214EB0037E34D /* HonyaJi-Re.ttf */,
				141BE572200214EB0037E34D /* 取扱説明書.txt */,
			);
			path = font_honyajire;
			sourceTree = "<group>";
		};
		141BE576200216B40037E34D /* Quiz Snack */ = {
			isa = PBXGroup;
			children = (
				141BE577200216B40037E34D /* illustrain01-valentine09-150x150.png */,
				141BE578200216B40037E34D /* illustrain05-okashi05-150x150.png */,
				141BE579200216B40037E34D /* illustrain05-okashi09-150x150.png */,
				141BE57A200216B40037E34D /* icon.png */,
				141BE57B200216B40037E34D /* illustrain09-okashi10-150x150.png */,
				141BE57C200216B40037E34D /* illustrain10-okasi09-150x150.png */,
				141BE57D200216B40037E34D /* sweets_gumi.png */,
				141BE57E200216B40037E34D /* sweets_itagum.png */,
			);
			path = "Quiz Snack";
			sourceTree = "<group>";
		};
/* End PBXGroup section */

/* Begin PBXNativeTarget section */
		14198D462001E5780098614C /* Quiz */ = {
			isa = PBXNativeTarget;
			buildConfigurationList = 14198D6F2001E5780098614C /* Build configuration list for PBXNativeTarget "Quiz" */;
			buildPhases = (
				14198D432001E5780098614C /* Sources */,
				14198D442001E5780098614C /* Frameworks */,
				14198D452001E5780098614C /* Resources */,
			);
			buildRules = (
			);
			dependencies = (
			);
			name = Quiz;
			productName = Quiz;
			productReference = 14198D472001E5780098614C /* Quiz.app */;
			productType = "com.apple.product-type.application";
		};
		14198D5A2001E5780098614C /* QuizTests */ = {
			isa = PBXNativeTarget;
			buildConfigurationList = 14198D722001E5780098614C /* Build configuration list for PBXNativeTarget "QuizTests" */;
			buildPhases = (
				14198D572001E5780098614C /* Sources */,
				14198D582001E5780098614C /* Frameworks */,
				14198D592001E5780098614C /* Resources */,
			);
			buildRules = (
			);
			dependencies = (
				14198D5D2001E5780098614C /* PBXTargetDependency */,
			);
			name = QuizTests;
			productName = QuizTests;
			productReference = 14198D5B2001E5780098614C /* QuizTests.xctest */;
			productType = "com.apple.product-type.bundle.unit-test";
		};
		14198D652001E5780098614C /* QuizUITests */ = {
			isa = PBXNativeTarget;
			buildConfigurationList = 14198D752001E5780098614C /* Build configuration list for PBXNativeTarget "QuizUITests" */;
			buildPhases = (
				14198D622001E5780098614C /* Sources */,
				14198D632001E5780098614C /* Frameworks */,
				14198D642001E5780098614C /* Resources */,
			);
			buildRules = (
			);
			dependencies = (
				14198D682001E5780098614C /* PBXTargetDependency */,
			);
			name = QuizUITests;
			productName = QuizUITests;
			productReference = 14198D662001E5780098614C /* QuizUITests.xctest */;
			productType = "com.apple.product-type.bundle.ui-testing";
		};
/* End PBXNativeTarget section */

/* Begin PBXProject section */
		14198D3F2001E5780098614C /* Project object */ = {
			isa = PBXProject;
			attributes = {
				LastSwiftUpdateCheck = 0830;
				LastUpgradeCheck = 0830;
				ORGANIZATIONNAME = MauTsujimura;
				TargetAttributes = {
					14198D462001E5780098614C = {
						CreatedOnToolsVersion = 8.3.2;
						ProvisioningStyle = Automatic;
					};
					14198D5A2001E5780098614C = {
						CreatedOnToolsVersion = 8.3.2;
						ProvisioningStyle = Automatic;
						TestTargetID = 14198D462001E5780098614C;
					};
					14198D652001E5780098614C = {
						CreatedOnToolsVersion = 8.3.2;
						ProvisioningStyle = Automatic;
						TestTargetID = 14198D462001E5780098614C;
					};
				};
			};
			buildConfigurationList = 14198D422001E5780098614C /* Build configuration list for PBXProject "Quiz" */;
			compatibilityVersion = "Xcode 3.2";
			developmentRegion = English;
			hasScannedForEncodings = 0;
			knownRegions = (
				en,
				Base,
			);
			mainGroup = 14198D3E2001E5780098614C;
			productRefGroup = 14198D482001E5780098614C /* Products */;
			projectDirPath = "";
			projectRoot = "";
			targets = (
				14198D462001E5780098614C /* Quiz */,
				14198D5A2001E5780098614C /* QuizTests */,
				14198D652001E5780098614C /* QuizUITests */,
			);
		};
/* End PBXProject section */

/* Begin PBXResourcesBuildPhase section */
		14198D452001E5780098614C /* Resources */ = {
			isa = PBXResourcesBuildPhase;
			buildActionMask = 2147483647;
			files = (
				141BE583200216B40037E34D /* illustrain09-okashi10-150x150.png in Resources */,
				141BE581200216B40037E34D /* illustrain05-okashi09-150x150.png in Resources */,
				141BE584200216B40037E34D /* illustrain10-okasi09-150x150.png in Resources */,
				141BE574200214EB0037E34D /* HonyaJi-Re.ttf in Resources */,
				141BE585200216B40037E34D /* sweets_gumi.png in Resources */,
				14198D552001E5780098614C /* LaunchScreen.storyboard in Resources */,
				141BE582200216B40037E34D /* icon.png in Resources */,
				141BE573200214EB0037E34D /* emoji.gif in Resources */,
				14198D522001E5780098614C /* Assets.xcassets in Resources */,
				141BE575200214EB0037E34D /* 取扱説明書.txt in Resources */,
				14198D502001E5780098614C /* Main.storyboard in Resources */,
				141BE580200216B40037E34D /* illustrain05-okashi05-150x150.png in Resources */,
				141BE57F200216B40037E34D /* illustrain01-valentine09-150x150.png in Resources */,
				141BE586200216B40037E34D /* sweets_itagum.png in Resources */,
			);
			runOnlyForDeploymentPostprocessing = 0;
		};
		14198D592001E5780098614C /* Resources */ = {
			isa = PBXResourcesBuildPhase;
			buildActionMask = 2147483647;
			files = (
			);
			runOnlyForDeploymentPostprocessing = 0;
		};
		14198D642001E5780098614C /* Resources */ = {
			isa = PBXResourcesBuildPhase;
			buildActionMask = 2147483647;
			files = (
			);
			runOnlyForDeploymentPostprocessing = 0;
		};
/* End PBXResourcesBuildPhase section */

/* Begin PBXSourcesBuildPhase section */
		14198D432001E5780098614C /* Sources */ = {
			isa = PBXSourcesBuildPhase;
			buildActionMask = 2147483647;
			files = (
				141BE58820021BD70037E34D /* QuizViewController.swift in Sources */,
				14198D4D2001E5780098614C /* ViewController.swift in Sources */,
				14198D4B2001E5780098614C /* AppDelegate.swift in Sources */,
				141BE58A20021BF50037E34D /* ResultViewController.swift in Sources */,
			);
			runOnlyForDeploymentPostprocessing = 0;
		};
		14198D572001E5780098614C /* Sources */ = {
			isa = PBXSourcesBuildPhase;
			buildActionMask = 2147483647;
			files = (
				14198D602001E5780098614C /* QuizTests.swift in Sources */,
			);
			runOnlyForDeploymentPostprocessing = 0;
		};
		14198D622001E5780098614C /* Sources */ = {
			isa = PBXSourcesBuildPhase;
			buildActionMask = 2147483647;
			files = (
				14198D6B2001E5780098614C /* QuizUITests.swift in Sources */,
			);
			runOnlyForDeploymentPostprocessing = 0;
		};
/* End PBXSourcesBuildPhase section */

/* Begin PBXTargetDependency section */
		14198D5D2001E5780098614C /* PBXTargetDependency */ = {
			isa = PBXTargetDependency;
			target = 14198D462001E5780098614C /* Quiz */;
			targetProxy = 14198D5C2001E5780098614C /* PBXContainerItemProxy */;
		};
		14198D682001E5780098614C /* PBXTargetDependency */ = {
			isa = PBXTargetDependency;
			target = 14198D462001E5780098614C /* Quiz */;
			targetProxy = 14198D672001E5780098614C /* PBXContainerItemProxy */;
		};
/* End PBXTargetDependency section */

/* Begin PBXVariantGroup section */
		14198D4E2001E5780098614C /* Main.storyboard */ = {
			isa = PBXVariantGroup;
			children = (
				14198D4F2001E5780098614C /* Base */,
			);
			name = Main.storyboard;
			sourceTree = "<group>";
		};
		14198D532001E5780098614C /* LaunchScreen.storyboard */ = {
			isa = PBXVariantGroup;
			children = (
				14198D542001E5780098614C /* Base */,
			);
			name = LaunchScreen.storyboard;
			sourceTree = "<group>";
		};
/* End PBXVariantGroup section */

/* Begin XCBuildConfiguration section */
		14198D6D2001E5780098614C /* Debug */ = {
			isa = XCBuildConfiguration;
			buildSettings = {
				ALWAYS_SEARCH_USER_PATHS = NO;
				CLANG_ANALYZER_NONNULL = YES;
				CLANG_ANALYZER_NUMBER_OBJECT_CONVERSION = YES_AGGRESSIVE;
				CLANG_CXX_LANGUAGE_STANDARD = "gnu++0x";
				CLANG_CXX_LIBRARY = "libc++";
				CLANG_ENABLE_MODULES = YES;
				CLANG_ENABLE_OBJC_ARC = YES;
				CLANG_WARN_BOOL_CONVERSION = YES;
				CLANG_WARN_CONSTANT_CONVERSION = YES;
				CLANG_WARN_DIRECT_OBJC_ISA_USAGE = YES_ERROR;
				CLANG_WARN_DOCUMENTATION_COMMENTS = YES;
				CLANG_WARN_EMPTY_BODY = YES;
				CLANG_WARN_ENUM_CONVERSION = YES;
				CLANG_WARN_INFINITE_RECURSION = YES;
				CLANG_WARN_INT_CONVERSION = YES;
				CLANG_WARN_OBJC_ROOT_CLASS = YES_ERROR;
				CLANG_WARN_SUSPICIOUS_MOVE = YES;
				CLANG_WARN_UNREACHABLE_CODE = YES;
				CLANG_WARN__DUPLICATE_METHOD_MATCH = YES;
				"CODE_SIGN_IDENTITY[sdk=iphoneos*]" = "iPhone Developer";
				COPY_PHASE_STRIP = NO;
				DEBUG_INFORMATION_FORMAT = dwarf;
				ENABLE_STRICT_OBJC_MSGSEND = YES;
				ENABLE_TESTABILITY = YES;
				GCC_C_LANGUAGE_STANDARD = gnu99;
				GCC_DYNAMIC_NO_PIC = NO;
				GCC_NO_COMMON_BLOCKS = YES;
				GCC_OPTIMIZATION_LEVEL = 0;
				GCC_PREPROCESSOR_DEFINITIONS = (
					"DEBUG=1",
					"$(inherited)",
				);
				GCC_WARN_64_TO_32_BIT_CONVERSION = YES;
				GCC_WARN_ABOUT_RETURN_TYPE = YES_ERROR;
				GCC_WARN_UNDECLARED_SELECTOR = YES;
				GCC_WARN_UNINITIALIZED_AUTOS = YES_AGGRESSIVE;
				GCC_WARN_UNUSED_FUNCTION = YES;
				GCC_WARN_UNUSED_VARIABLE = YES;
				IPHONEOS_DEPLOYMENT_TARGET = 10.3;
				MTL_ENABLE_DEBUG_INFO = YES;
				ONLY_ACTIVE_ARCH = YES;
				SDKROOT = iphoneos;
				SWIFT_ACTIVE_COMPILATION_CONDITIONS = DEBUG;
				SWIFT_OPTIMIZATION_LEVEL = "-Onone";
				TARGETED_DEVICE_FAMILY = "1,2";
			};
			name = Debug;
		};
		14198D6E2001E5780098614C /* Release */ = {
			isa = XCBuildConfiguration;
			buildSettings = {
				ALWAYS_SEARCH_USER_PATHS = NO;
				CLANG_ANALYZER_NONNULL = YES;
				CLANG_ANALYZER_NUMBER_OBJECT_CONVERSION = YES_AGGRESSIVE;
				CLANG_CXX_LANGUAGE_STANDARD = "gnu++0x";
				CLANG_CXX_LIBRARY = "libc++";
				CLANG_ENABLE_MODULES = YES;
				CLANG_ENABLE_OBJC_ARC = YES;
				CLANG_WARN_BOOL_CONVERSION = YES;
				CLANG_WARN_CONSTANT_CONVERSION = YES;
				CLANG_WARN_DIRECT_OBJC_ISA_USAGE = YES_ERROR;
				CLANG_WARN_DOCUMENTATION_COMMENTS = YES;
				CLANG_WARN_EMPTY_BODY = YES;
				CLANG_WARN_ENUM_CONVERSION = YES;
				CLANG_WARN_INFINITE_RECURSION = YES;
				CLANG_WARN_INT_CONVERSION = YES;
				CLANG_WARN_OBJC_ROOT_CLASS = YES_ERROR;
				CLANG_WARN_SUSPICIOUS_MOVE = YES;
				CLANG_WARN_UNREACHABLE_CODE = YES;
				CLANG_WARN__DUPLICATE_METHOD_MATCH = YES;
				"CODE_SIGN_IDENTITY[sdk=iphoneos*]" = "iPhone Developer";
				COPY_PHASE_STRIP = NO;
				DEBUG_INFORMATION_FORMAT = "dwarf-with-dsym";
				ENABLE_NS_ASSERTIONS = NO;
				ENABLE_STRICT_OBJC_MSGSEND = YES;
				GCC_C_LANGUAGE_STANDARD = gnu99;
				GCC_NO_COMMON_BLOCKS = YES;
				GCC_WARN_64_TO_32_BIT_CONVERSION = YES;
				GCC_WARN_ABOUT_RETURN_TYPE = YES_ERROR;
				GCC_WARN_UNDECLARED_SELECTOR = YES;
				GCC_WARN_UNINITIALIZED_AUTOS = YES_AGGRESSIVE;
				GCC_WARN_UNUSED_FUNCTION = YES;
				GCC_WARN_UNUSED_VARIABLE = YES;
				IPHONEOS_DEPLOYMENT_TARGET = 10.3;
				MTL_ENABLE_DEBUG_INFO = NO;
				SDKROOT = iphoneos;
				SWIFT_OPTIMIZATION_LEVEL = "-Owholemodule";
				TARGETED_DEVICE_FAMILY = "1,2";
				VALIDATE_PRODUCT = YES;
			};
			name = Release;
		};
		14198D702001E5780098614C /* Debug */ = {
			isa = XCBuildConfiguration;
			buildSettings = {
				ASSETCATALOG_COMPILER_APPICON_NAME = AppIcon;
				INFOPLIST_FILE = Quiz/Info.plist;
				LD_RUNPATH_SEARCH_PATHS = "$(inherited) @executable_path/Frameworks";
				PRODUCT_BUNDLE_IDENTIFIER = com.lifeistech.Quiz;
				PRODUCT_NAME = "$(TARGET_NAME)";
				SWIFT_VERSION = 3.0;
			};
			name = Debug;
		};
		14198D712001E5780098614C /* Release */ = {
			isa = XCBuildConfiguration;
			buildSettings = {
				ASSETCATALOG_COMPILER_APPICON_NAME = AppIcon;
				INFOPLIST_FILE = Quiz/Info.plist;
				LD_RUNPATH_SEARCH_PATHS = "$(inherited) @executable_path/Frameworks";
				PRODUCT_BUNDLE_IDENTIFIER = com.lifeistech.Quiz;
				PRODUCT_NAME = "$(TARGET_NAME)";
				SWIFT_VERSION = 3.0;
			};
			name = Release;
		};
		14198D732001E5780098614C /* Debug */ = {
			isa = XCBuildConfiguration;
			buildSettings = {
				ALWAYS_EMBED_SWIFT_STANDARD_LIBRARIES = YES;
				BUNDLE_LOADER = "$(TEST_HOST)";
				INFOPLIST_FILE = QuizTests/Info.plist;
				LD_RUNPATH_SEARCH_PATHS = "$(inherited) @executable_path/Frameworks @loader_path/Frameworks";
				PRODUCT_BUNDLE_IDENTIFIER = com.lifeistech.QuizTests;
				PRODUCT_NAME = "$(TARGET_NAME)";
				SWIFT_VERSION = 3.0;
				TEST_HOST = "$(BUILT_PRODUCTS_DIR)/Quiz.app/Quiz";
			};
			name = Debug;
		};
		14198D742001E5780098614C /* Release */ = {
			isa = XCBuildConfiguration;
			buildSettings = {
				ALWAYS_EMBED_SWIFT_STANDARD_LIBRARIES = YES;
				BUNDLE_LOADER = "$(TEST_HOST)";
				INFOPLIST_FILE = QuizTests/Info.plist;
				LD_RUNPATH_SEARCH_PATHS = "$(inherited) @executable_path/Frameworks @loader_path/Frameworks";
				PRODUCT_BUNDLE_IDENTIFIER = com.lifeistech.QuizTests;
				PRODUCT_NAME = "$(TARGET_NAME)";
				SWIFT_VERSION = 3.0;
				TEST_HOST = "$(BUILT_PRODUCTS_DIR)/Quiz.app/Quiz";
			};
			name = Release;
		};
		14198D762001E5780098614C /* Debug */ = {
			isa = XCBuildConfiguration;
			buildSettings = {
				ALWAYS_EMBED_SWIFT_STANDARD_LIBRARIES = YES;
				INFOPLIST_FILE = QuizUITests/Info.plist;
				LD_RUNPATH_SEARCH_PATHS = "$(inherited) @executable_path/Frameworks @loader_path/Frameworks";
				PRODUCT_BUNDLE_IDENTIFIER = com.lifeistech.QuizUITests;
				PRODUCT_NAME = "$(TARGET_NAME)";
				SWIFT_VERSION = 3.0;
				TEST_TARGET_NAME = Quiz;
			};
			name = Debug;
		};
		14198D772001E5780098614C /* Release */ = {
			isa = XCBuildConfiguration;
			buildSettings = {
				ALWAYS_EMBED_SWIFT_STANDARD_LIBRARIES = YES;
				INFOPLIST_FILE = QuizUITests/Info.plist;
				LD_RUNPATH_SEARCH_PATHS = "$(inherited) @executable_path/Frameworks @loader_path/Frameworks";
				PRODUCT_BUNDLE_IDENTIFIER = com.lifeistech.QuizUITests;
				PRODUCT_NAME = "$(TARGET_NAME)";
				SWIFT_VERSION = 3.0;
				TEST_TARGET_NAME = Quiz;
			};
			name = Release;
		};
/* End XCBuildConfiguration section */

/* Begin XCConfigurationList section */
		14198D422001E5780098614C /* Build configuration list for PBXProject "Quiz" */ = {
			isa = XCConfigurationList;
			buildConfigurations = (
				14198D6D2001E5780098614C /* Debug */,
				14198D6E2001E5780098614C /* Release */,
			);
			defaultConfigurationIsVisible = 0;
			defaultConfigurationName = Release;
		};
		14198D6F2001E5780098614C /* Build configuration list for PBXNativeTarget "Quiz" */ = {
			isa = XCConfigurationList;
			buildConfigurations = (
				14198D702001E5780098614C /* Debug */,
				14198D712001E5780098614C /* Release */,
			);
			defaultConfigurationIsVisible = 0;
			defaultConfigurationName = Release;
		};
		14198D722001E5780098614C /* Build configuration list for PBXNativeTarget "QuizTests" */ = {
			isa = XCConfigurationList;
			buildConfigurations = (
				14198D732001E5780098614C /* Debug */,
				14198D742001E5780098614C /* Release */,
			);
			defaultConfigurationIsVisible = 0;
			defaultConfigurationName = Release;
		};
		14198D752001E5780098614C /* Build configuration list for PBXNativeTarget "QuizUITests" */ = {
			isa = XCConfigurationList;
			buildConfigurations = (
				14198D762001E5780098614C /* Debug */,
				14198D772001E5780098614C /* Release */,
			);
			defaultConfigurationIsVisible = 0;
			defaultConfigurationName = Release;
		};
/* End XCConfigurationList section */
	};
	rootObject = 14198D3F2001E5780098614C /* Project object */;
}
